# THIS IS AN AUTOGENERATED FILE. DO NOT EDIT THIS FILE DIRECTLY.
# yarn lockfile v1


"@algolia/autocomplete-core@1.7.1":
  version "1.7.1"
  resolved "https://registry.npmjs.org/@algolia/autocomplete-core/-/autocomplete-core-1.7.1.tgz"
  integrity sha512-eiZw+fxMzNQn01S8dA/hcCpoWCOCwcIIEUtHHdzN5TGB3IpzLbuhqFeTfh2OUhhgkE8Uo17+wH+QJ/wYyQmmzg==
  dependencies:
    "@algolia/autocomplete-shared" "1.7.1"

"@algolia/autocomplete-preset-algolia@1.7.1":
  version "1.7.1"
  resolved "https://registry.npmjs.org/@algolia/autocomplete-preset-algolia/-/autocomplete-preset-algolia-1.7.1.tgz"
  integrity sha512-pJwmIxeJCymU1M6cGujnaIYcY3QPOVYZOXhFkWVM7IxKzy272BwCvMFMyc5NpG/QmiObBxjo7myd060OeTNJXg==
  dependencies:
    "@algolia/autocomplete-shared" "1.7.1"

"@algolia/autocomplete-shared@1.7.1":
  version "1.7.1"
  resolved "https://registry.npmjs.org/@algolia/autocomplete-shared/-/autocomplete-shared-1.7.1.tgz"
  integrity sha512-eTmGVqY3GeyBTT8IWiB2K5EuURAqhnumfktAEoHxfDY2o7vg2rSnO16ZtIG0fMgt3py28Vwgq42/bVEuaQV7pg==

"@algolia/cache-browser-local-storage@4.14.0":
  version "4.14.0"
  resolved "https://registry.npmjs.org/@algolia/cache-browser-local-storage/-/cache-browser-local-storage-4.14.0.tgz"
  integrity sha512-vSX0uPTgTuWdKOv0DbjFBl5AGlWDzYADtv5ChLBBKHTBhAKp4f9b38zDB0v89pCbcoAGZjtb6UTM+pUEVSTuSw==
  dependencies:
    "@algolia/cache-common" "4.14.0"

"@algolia/cache-common@4.14.0":
  version "4.14.0"
  resolved "https://registry.npmjs.org/@algolia/cache-common/-/cache-common-4.14.0.tgz"
  integrity sha512-9bCWX78td6DEtyVIJc2R8MokniFFgbS5r9ADVvBuBeDtVuNhOwDO/MYZ2WlAQJTwos9TtS9v0iJ9Ym0rDHMldA==

"@algolia/cache-in-memory@4.14.0":
  version "4.14.0"
  resolved "https://registry.npmjs.org/@algolia/cache-in-memory/-/cache-in-memory-4.14.0.tgz"
  integrity sha512-kIH9JjebSsZVxnTjaWarunFkWaHnMZ5vG98KwvQj++I4PCMgk7z/GBm9bMNgPUsDPqHxQ0p9HO/j8YgN6VYxgQ==
  dependencies:
    "@algolia/cache-common" "4.14.0"

"@algolia/client-account@4.14.0":
  version "4.14.0"
  resolved "https://registry.npmjs.org/@algolia/client-account/-/client-account-4.14.0.tgz"
  integrity sha512-b0rAB3D2rf5qOeBZbUNcixl9EmiVPz6QgEvP2TC3Ed85+8xdVhtbyLD5EzTHQr2BPXvklo5NK1K5Q3UOZ9ojJQ==
  dependencies:
    "@algolia/client-common" "4.14.0"
    "@algolia/client-search" "4.14.0"
    "@algolia/transporter" "4.14.0"

"@algolia/client-analytics@4.14.0":
  version "4.14.0"
  resolved "https://registry.npmjs.org/@algolia/client-analytics/-/client-analytics-4.14.0.tgz"
  integrity sha512-HcuAbUP2D2SZiV8pvBd6ZoJNJ1Zu5bvUctCknGS7QVQv4xfeDHFcQulwEPftKBhIoJmVZPsQznpeLf+PTGTA+w==
  dependencies:
    "@algolia/client-common" "4.14.0"
    "@algolia/client-search" "4.14.0"
    "@algolia/requester-common" "4.14.0"
    "@algolia/transporter" "4.14.0"

"@algolia/client-common@4.14.0":
  version "4.14.0"
  resolved "https://registry.npmjs.org/@algolia/client-common/-/client-common-4.14.0.tgz"
  integrity sha512-7pmtPOicY6QEBQEYinChkVVi0SnDGcgJn1P0GkWxIMD23ZQk7o0/eMAQYqkGR3TET6YB/bZDeDrpL5v4DKN3tg==
  dependencies:
    "@algolia/requester-common" "4.14.0"
    "@algolia/transporter" "4.14.0"

"@algolia/client-personalization@4.14.0":
  version "4.14.0"
  resolved "https://registry.npmjs.org/@algolia/client-personalization/-/client-personalization-4.14.0.tgz"
  integrity sha512-O/vADaSZYAzL0o8L+2QeTZr1O3VXu8DjBUXnEWWgn96v6zqTH0aoQsQ7gvYEsGNvTGiZZwNJNruzMaBNG0GNUA==
  dependencies:
    "@algolia/client-common" "4.14.0"
    "@algolia/requester-common" "4.14.0"
    "@algolia/transporter" "4.14.0"

"@algolia/client-search@4.14.0":
  version "4.14.0"
  resolved "https://registry.npmjs.org/@algolia/client-search/-/client-search-4.14.0.tgz"
  integrity sha512-gFxteVMUzEMq6lDEex/gZKNudrFmOFLuWS9SQCU+sXeTCRw32aY5/RBDigOkD6Yp6nLkfnYWvPnDshwY6WgTbw==
  dependencies:
    "@algolia/client-common" "4.14.0"
    "@algolia/requester-common" "4.14.0"
    "@algolia/transporter" "4.14.0"

"@algolia/logger-common@4.14.0":
  version "4.14.0"
  resolved "https://registry.npmjs.org/@algolia/logger-common/-/logger-common-4.14.0.tgz"
  integrity sha512-1Fw+5Nd4d7NWNA9FhOIIXzESJn+j5VTO/f3YK+XhoOlbAwfMbD32InWEjNglrcHnSO8kpqrizFXveKTx1CzoKw==

"@algolia/logger-console@4.14.0":
  version "4.14.0"
  resolved "https://registry.npmjs.org/@algolia/logger-console/-/logger-console-4.14.0.tgz"
  integrity sha512-nBJwg1TVdzAZCIA5tIFYKA+QqYGD9iRhO8yEdm68VcOeckyNTQuvJtAkWyvzr2qNL6GD+bN8nUQ8Cf5HFy/wZg==
  dependencies:
    "@algolia/logger-common" "4.14.0"

"@algolia/requester-browser-xhr@4.14.0":
  version "4.14.0"
  resolved "https://registry.npmjs.org/@algolia/requester-browser-xhr/-/requester-browser-xhr-4.14.0.tgz"
  integrity sha512-J4ND/l0/wOyztyOA3F4kFNIj/QDTeiS45m3hqSCVXpIJn/iq1ZP8zYW5q0/2sEMehO8TawVJiHnXYV0kO0Dk0Q==
  dependencies:
    "@algolia/requester-common" "4.14.0"

"@algolia/requester-common@4.14.0":
  version "4.14.0"
  resolved "https://registry.npmjs.org/@algolia/requester-common/-/requester-common-4.14.0.tgz"
  integrity sha512-8DGIW5keIbAFet2TKGr/C9DVJ1r8IWFjgf4URPHn6NHMf6R+ruQp0gOf7xBP1Bw6JIS3/DbvlGqbw8sNO/N+Hw==

"@algolia/requester-node-http@4.14.0":
  version "4.14.0"
  resolved "https://registry.npmjs.org/@algolia/requester-node-http/-/requester-node-http-4.14.0.tgz"
  integrity sha512-DP0k1H9c6+lR4G/jKG4kez3QW1ksUDSSSSy3I8nhPZErIGgd0IqCTXDt1GwykDEkvYj/l4sA3x8pJtDMW3JSzw==
  dependencies:
    "@algolia/requester-common" "4.14.0"

"@algolia/transporter@4.14.0":
  version "4.14.0"
  resolved "https://registry.npmjs.org/@algolia/transporter/-/transporter-4.14.0.tgz"
  integrity sha512-AP+8Qxeg0XvQ3rFbj4pIUzDMmtjo5pgBMx/57ADbge5Y4Y9ByDdQNjEKk6QFIe70SAwR/cGzglwYg7nl8mK/OA==
  dependencies:
    "@algolia/cache-common" "4.14.0"
    "@algolia/logger-common" "4.14.0"
    "@algolia/requester-common" "4.14.0"

"@babel/parser@^7.16.4":
  version "7.18.9"
  resolved "https://registry.npmjs.org/@babel/parser/-/parser-7.18.9.tgz"
  integrity sha512-9uJveS9eY9DJ0t64YbIBZICtJy8a5QrDEVdiLCG97fVLpDTpGX7t8mMSb6OWw6Lrnjqj4O8zwjELX3dhoMgiBg==

"@docsearch/css@3.2.1", "@docsearch/css@^3.2.1":
  version "3.2.1"
  resolved "https://registry.yarnpkg.com/@docsearch/css/-/css-3.2.1.tgz#c05d7818b0e43b42f9efa2d82a11c36606b37b27"
  integrity sha512-gaP6TxxwQC+K8D6TRx5WULUWKrcbzECOPA2KCVMuI+6C7dNiGUk5yXXzVhc5sld79XKYLnO9DRTI4mjXDYkh+g==

"@docsearch/js@^3.2.1":
  version "3.2.1"
  resolved "https://registry.yarnpkg.com/@docsearch/js/-/js-3.2.1.tgz#d6856fb6223c7a47091640264d5144d59806bc30"
  integrity sha512-H1PekEtSeS0msetR2YGGey2w7jQ2wAKfGODJvQTygSwMgUZ+2DHpzUgeDyEBIXRIfaBcoQneqrzsljM62pm6Xg==
  dependencies:
    "@docsearch/react" "3.2.1"
    preact "^10.0.0"

"@docsearch/react@3.2.1":
  version "3.2.1"
  resolved "https://registry.yarnpkg.com/@docsearch/react/-/react-3.2.1.tgz#112ad88db07367fa6fd933d67d58421d8d8289aa"
  integrity sha512-EzTQ/y82s14IQC5XVestiK/kFFMe2aagoYFuTAIfIb/e+4FU7kSMKonRtLwsCiLQHmjvNQq+HO+33giJ5YVtaQ==
  dependencies:
    "@algolia/autocomplete-core" "1.7.1"
    "@algolia/autocomplete-preset-algolia" "1.7.1"
    "@docsearch/css" "3.2.1"
    algoliasearch "^4.0.0"

"@esbuild/linux-loong64@0.14.54":
  version "0.14.54"
  resolved "https://registry.yarnpkg.com/@esbuild/linux-loong64/-/linux-loong64-0.14.54.tgz#de2a4be678bd4d0d1ffbb86e6de779cde5999028"
  integrity sha512-bZBrLAIX1kpWelV0XemxBZllyRmM6vgFQQG2GdNb+r3Fkp0FOh1NJSvekXDs7jq70k4euu1cryLMfU+mTXlEpw==

"@types/web-bluetooth@^0.0.15":
  version "0.0.15"
  resolved "https://registry.yarnpkg.com/@types/web-bluetooth/-/web-bluetooth-0.0.15.tgz#d60330046a6ed8a13b4a53df3813c44942ebdf72"
  integrity sha512-w7hEHXnPMEZ+4nGKl/KDRVpxkwYxYExuHOYXyzIzCDzEZ9ZCGMAewulr9IqJu2LR4N37fcnb1XVeuZ09qgOxhA==

"@vitejs/plugin-vue@^3.0.3":
  version "3.0.3"
  resolved "https://registry.yarnpkg.com/@vitejs/plugin-vue/-/plugin-vue-3.0.3.tgz#7e3e401ccb30b4380d2279d9849281413f1791ef"
  integrity sha512-U4zNBlz9mg+TA+i+5QPc3N5lQvdUXENZLO2h0Wdzp56gI1MWhqJOv+6R+d4kOzoaSSq6TnGPBdZAXKOe4lXy6g==

"@vue/compiler-core@3.2.37":
  version "3.2.37"
  resolved "https://registry.npmjs.org/@vue/compiler-core/-/compiler-core-3.2.37.tgz"
  integrity sha512-81KhEjo7YAOh0vQJoSmAD68wLfYqJvoiD4ulyedzF+OEk/bk6/hx3fTNVfuzugIIaTrOx4PGx6pAiBRe5e9Zmg==
  dependencies:
    "@babel/parser" "^7.16.4"
    "@vue/shared" "3.2.37"
    estree-walker "^2.0.2"
    source-map "^0.6.1"

"@vue/compiler-dom@3.2.37":
  version "3.2.37"
  resolved "https://registry.npmjs.org/@vue/compiler-dom/-/compiler-dom-3.2.37.tgz"
  integrity sha512-yxJLH167fucHKxaqXpYk7x8z7mMEnXOw3G2q62FTkmsvNxu4FQSu5+3UMb+L7fjKa26DEzhrmCxAgFLLIzVfqQ==
  dependencies:
    "@vue/compiler-core" "3.2.37"
    "@vue/shared" "3.2.37"

"@vue/compiler-sfc@3.2.37":
  version "3.2.37"
  resolved "https://registry.npmjs.org/@vue/compiler-sfc/-/compiler-sfc-3.2.37.tgz"
  integrity sha512-+7i/2+9LYlpqDv+KTtWhOZH+pa8/HnX/905MdVmAcI/mPQOBwkHHIzrsEsucyOIZQYMkXUiTkmZq5am/NyXKkg==
  dependencies:
    "@babel/parser" "^7.16.4"
    "@vue/compiler-core" "3.2.37"
    "@vue/compiler-dom" "3.2.37"
    "@vue/compiler-ssr" "3.2.37"
    "@vue/reactivity-transform" "3.2.37"
    "@vue/shared" "3.2.37"
    estree-walker "^2.0.2"
    magic-string "^0.25.7"
    postcss "^8.1.10"
    source-map "^0.6.1"

"@vue/compiler-ssr@3.2.37":
  version "3.2.37"
  resolved "https://registry.npmjs.org/@vue/compiler-ssr/-/compiler-ssr-3.2.37.tgz"
  integrity sha512-7mQJD7HdXxQjktmsWp/J67lThEIcxLemz1Vb5I6rYJHR5vI+lON3nPGOH3ubmbvYGt8xEUaAr1j7/tIFWiEOqw==
  dependencies:
    "@vue/compiler-dom" "3.2.37"
    "@vue/shared" "3.2.37"

"@vue/devtools-api@^6.2.1":
  version "6.2.1"
  resolved "https://registry.yarnpkg.com/@vue/devtools-api/-/devtools-api-6.2.1.tgz#6f2948ff002ec46df01420dfeff91de16c5b4092"
  integrity sha512-OEgAMeQXvCoJ+1x8WyQuVZzFo0wcyCmUR3baRVLmKBo1LmYZWMlRiXlux5jd0fqVJu6PfDbOrZItVqUEzLobeQ==

"@vue/reactivity-transform@3.2.37":
  version "3.2.37"
  resolved "https://registry.npmjs.org/@vue/reactivity-transform/-/reactivity-transform-3.2.37.tgz"
  integrity sha512-IWopkKEb+8qpu/1eMKVeXrK0NLw9HicGviJzhJDEyfxTR9e1WtpnnbYkJWurX6WwoFP0sz10xQg8yL8lgskAZg==
  dependencies:
    "@babel/parser" "^7.16.4"
    "@vue/compiler-core" "3.2.37"
    "@vue/shared" "3.2.37"
    estree-walker "^2.0.2"
    magic-string "^0.25.7"

"@vue/reactivity@3.2.37":
  version "3.2.37"
  resolved "https://registry.npmjs.org/@vue/reactivity/-/reactivity-3.2.37.tgz"
  integrity sha512-/7WRafBOshOc6m3F7plwzPeCu/RCVv9uMpOwa/5PiY1Zz+WLVRWiy0MYKwmg19KBdGtFWsmZ4cD+LOdVPcs52A==
  dependencies:
    "@vue/shared" "3.2.37"

"@vue/runtime-core@3.2.37":
  version "3.2.37"
  resolved "https://registry.npmjs.org/@vue/runtime-core/-/runtime-core-3.2.37.tgz"
  integrity sha512-JPcd9kFyEdXLl/i0ClS7lwgcs0QpUAWj+SKX2ZC3ANKi1U4DOtiEr6cRqFXsPwY5u1L9fAjkinIdB8Rz3FoYNQ==
  dependencies:
    "@vue/reactivity" "3.2.37"
    "@vue/shared" "3.2.37"

"@vue/runtime-dom@3.2.37":
  version "3.2.37"
  resolved "https://registry.npmjs.org/@vue/runtime-dom/-/runtime-dom-3.2.37.tgz"
  integrity sha512-HimKdh9BepShW6YozwRKAYjYQWg9mQn63RGEiSswMbW+ssIht1MILYlVGkAGGQbkhSh31PCdoUcfiu4apXJoPw==
  dependencies:
    "@vue/runtime-core" "3.2.37"
    "@vue/shared" "3.2.37"
    csstype "^2.6.8"

"@vue/server-renderer@3.2.37":
  version "3.2.37"
  resolved "https://registry.npmjs.org/@vue/server-renderer/-/server-renderer-3.2.37.tgz"
  integrity sha512-kLITEJvaYgZQ2h47hIzPh2K3jG8c1zCVbp/o/bzQOyvzaKiCquKS7AaioPI28GNxIsE/zSx+EwWYsNxDCX95MA==
  dependencies:
    "@vue/compiler-ssr" "3.2.37"
    "@vue/shared" "3.2.37"

"@vue/shared@3.2.37":
  version "3.2.37"
  resolved "https://registry.npmjs.org/@vue/shared/-/shared-3.2.37.tgz"
  integrity sha512-4rSJemR2NQIo9Klm1vabqWjD8rs/ZaJSzMxkMNeJS6lHiUjjUeYFbooN19NgFjztubEKh3WlZUeOLVdbbUWHsw==

"@vueuse/core@^9.1.0":
  version "9.1.0"
  resolved "https://registry.yarnpkg.com/@vueuse/core/-/core-9.1.0.tgz#f0fb13fd99768c0eb617169a2d2c1cbd5f5a52eb"
  integrity sha512-BIroqvXEqt826aE9r3K5cox1zobuPuAzdYJ36kouC2TVhlXvFKIILgFVWrpp9HZPwB3aLzasmG3K87q7TSyXZg==
  dependencies:
    "@types/web-bluetooth" "^0.0.15"
    "@vueuse/metadata" "9.1.0"
    "@vueuse/shared" "9.1.0"
    vue-demi "*"

"@vueuse/metadata@9.1.0":
  version "9.1.0"
  resolved "https://registry.yarnpkg.com/@vueuse/metadata/-/metadata-9.1.0.tgz#194d4bd47f7acb91e348c0f436e678ddf7ee235b"
  integrity sha512-8OEhlog1iaAGTD3LICZ8oBGQdYeMwByvXetOtAOZCJOzyCRSwqwdggTsmVZZ1rkgYIEqgUBk942AsAPwM21s6A==

"@vueuse/shared@9.1.0":
  version "9.1.0"
  resolved "https://registry.yarnpkg.com/@vueuse/shared/-/shared-9.1.0.tgz#d8459a45324f32fb05a2a56ed754637c3d0efaeb"
  integrity sha512-pB/3njQu4tfJJ78ajELNda0yMG6lKfpToQW7Soe09CprF1k3QuyoNi1tBNvo75wBDJWD+LOnr+c4B5HZ39jY/Q==
  dependencies:
    vue-demi "*"

algoliasearch@^4.0.0:
  version "4.14.0"
  resolved "https://registry.npmjs.org/algoliasearch/-/algoliasearch-4.14.0.tgz"
  integrity sha512-r1rt5UQnrmqwjloi4tZzggUC7oWjNR/gfk+fjx0x4oP2UeDW5c8/XCovVFs9nwJ4n2xNKlxELyMAedcuLrBdng==
  dependencies:
    "@algolia/cache-browser-local-storage" "4.14.0"
    "@algolia/cache-common" "4.14.0"
    "@algolia/cache-in-memory" "4.14.0"
    "@algolia/client-account" "4.14.0"
    "@algolia/client-analytics" "4.14.0"
    "@algolia/client-common" "4.14.0"
    "@algolia/client-personalization" "4.14.0"
    "@algolia/client-search" "4.14.0"
    "@algolia/logger-common" "4.14.0"
    "@algolia/logger-console" "4.14.0"
    "@algolia/requester-browser-xhr" "4.14.0"
    "@algolia/requester-common" "4.14.0"
    "@algolia/requester-node-http" "4.14.0"
    "@algolia/transporter" "4.14.0"

anymatch@~3.1.2:
  version "3.1.2"
  resolved "https://registry.npmjs.org/anymatch/-/anymatch-3.1.2.tgz"
  integrity sha512-P43ePfOAIupkguHUycrc4qJ9kz8ZiuOUijaETwX7THt0Y/GNK7v0aa8rY816xWjZ7rJdA5XdMcpVFTKMq+RvWg==
  dependencies:
    normalize-path "^3.0.0"
    picomatch "^2.0.4"

binary-extensions@^2.0.0:
  version "2.2.0"
  resolved "https://registry.npmjs.org/binary-extensions/-/binary-extensions-2.2.0.tgz"
  integrity sha512-jDctJ/IVQbZoJykoeHbhXpOlNBqGNcwXJKJog42E5HDPUwQTSdjCHdihjj0DlnheQ7blbT6dHOafNAiS8ooQKA==

body-scroll-lock@^4.0.0-beta.0:
  version "4.0.0-beta.0"
  resolved "https://registry.npmjs.org/body-scroll-lock/-/body-scroll-lock-4.0.0-beta.0.tgz"
  integrity sha512-a7tP5+0Mw3YlUJcGAKUqIBkYYGlYxk2fnCasq/FUph1hadxlTRjF+gAcZksxANnaMnALjxEddmSi/H3OR8ugcQ==

boolbase@^1.0.0:
  version "1.0.0"
  resolved "https://registry.npmjs.org/boolbase/-/boolbase-1.0.0.tgz"
  integrity sha512-JZOSA7Mo9sNGB8+UjSgzdLtokWAky1zbztM3WRLCbZ70/3cTANmQmOdR7y2g+J0e2WXywy1yS468tY+IruqEww==

braces@~3.0.2:
  version "3.0.2"
  resolved "https://registry.npmjs.org/braces/-/braces-3.0.2.tgz"
  integrity sha512-b8um+L1RzM3WDSzvhm6gIz1yfTbBt6YTlcEKAvsmqCZZFw46z626lVj9j1yEPW33H5H+lBQpZMP1k8l+78Ha0A==
  dependencies:
    fill-range "^7.0.1"

cheerio-select@^2.1.0:
  version "2.1.0"
  resolved "https://registry.npmjs.org/cheerio-select/-/cheerio-select-2.1.0.tgz"
  integrity sha512-9v9kG0LvzrlcungtnJtpGNxY+fzECQKhK4EGJX2vByejiMX84MFNQw4UxPJl3bFbTMw+Dfs37XaIkCwTZfLh4g==
  dependencies:
    boolbase "^1.0.0"
    css-select "^5.1.0"
    css-what "^6.1.0"
    domelementtype "^2.3.0"
    domhandler "^5.0.3"
    domutils "^3.0.1"

cheerio@^1.0.0-rc.12:
  version "1.0.0-rc.12"
  resolved "https://registry.npmjs.org/cheerio/-/cheerio-1.0.0-rc.12.tgz"
  integrity sha512-VqR8m68vM46BNnuZ5NtnGBKIE/DfN0cRIzg9n40EIq9NOv90ayxLBXA8fXC5gquFRGJSTRqBq25Jt2ECLR431Q==
  dependencies:
    cheerio-select "^2.1.0"
    dom-serializer "^2.0.0"
    domhandler "^5.0.3"
    domutils "^3.0.1"
    htmlparser2 "^8.0.1"
    parse5 "^7.0.0"
    parse5-htmlparser2-tree-adapter "^7.0.0"

"chokidar@>=3.0.0 <4.0.0":
  version "3.5.3"
  resolved "https://registry.npmjs.org/chokidar/-/chokidar-3.5.3.tgz"
  integrity sha512-Dr3sfKRP6oTcjf2JmUmFJfeVMvXBdegxB0iVQ5eb2V10uFJUCAS8OByZdVAyVb8xXNz3GjjTgj9kLWsZTqE6kw==
  dependencies:
    anymatch "~3.1.2"
    braces "~3.0.2"
    glob-parent "~5.1.2"
    is-binary-path "~2.1.0"
    is-glob "~4.0.1"
    normalize-path "~3.0.0"
    readdirp "~3.6.0"
  optionalDependencies:
    fsevents "~2.3.2"

css-select@^5.1.0:
  version "5.1.0"
  resolved "https://registry.npmjs.org/css-select/-/css-select-5.1.0.tgz"
  integrity sha512-nwoRF1rvRRnnCqqY7updORDsuqKzqYJ28+oSMaJMMgOauh3fvwHqMS7EZpIPqK8GL+g9mKxF1vP/ZjSeNjEVHg==
  dependencies:
    boolbase "^1.0.0"
    css-what "^6.1.0"
    domhandler "^5.0.2"
    domutils "^3.0.1"
    nth-check "^2.0.1"

css-what@^6.1.0:
  version "6.1.0"
  resolved "https://registry.npmjs.org/css-what/-/css-what-6.1.0.tgz"
  integrity sha512-HTUrgRJ7r4dsZKU6GjmpfRK1O76h97Z8MfS1G0FozR+oF2kG6Vfe8JE6zwrkbxigziPHinCJ+gCPjA9EaBDtRw==

csstype@^2.6.8:
  version "2.6.20"
  resolved "https://registry.npmjs.org/csstype/-/csstype-2.6.20.tgz"
  integrity sha512-/WwNkdXfckNgw6S5R125rrW8ez139lBHWouiBvX8dfMFtcn6V81REDqnH7+CRpRipfYlyU1CmOnOxrmGcFOjeA==

dom-serializer@^2.0.0:
  version "2.0.0"
  resolved "https://registry.npmjs.org/dom-serializer/-/dom-serializer-2.0.0.tgz"
  integrity sha512-wIkAryiqt/nV5EQKqQpo3SToSOV9J0DnbJqwK7Wv/Trc92zIAYZ4FlMu+JPFW1DfGFt81ZTCGgDEabffXeLyJg==
  dependencies:
    domelementtype "^2.3.0"
    domhandler "^5.0.2"
    entities "^4.2.0"

domelementtype@^2.3.0:
  version "2.3.0"
  resolved "https://registry.npmjs.org/domelementtype/-/domelementtype-2.3.0.tgz"
  integrity sha512-OLETBj6w0OsagBwdXnPdN0cnMfF9opN69co+7ZrbfPGrdpPVNBUj02spi6B1N7wChLQiPn4CSH/zJvXw56gmHw==

domhandler@^5.0.1, domhandler@^5.0.2, domhandler@^5.0.3:
  version "5.0.3"
  resolved "https://registry.npmjs.org/domhandler/-/domhandler-5.0.3.tgz"
  integrity sha512-cgwlv/1iFQiFnU96XXgROh8xTeetsnJiDsTc7TYCLFd9+/WNkIqPTxiM/8pSd8VIrhXGTf1Ny1q1hquVqDJB5w==
  dependencies:
    domelementtype "^2.3.0"

domutils@^3.0.1:
  version "3.0.1"
  resolved "https://registry.npmjs.org/domutils/-/domutils-3.0.1.tgz"
  integrity sha512-z08c1l761iKhDFtfXO04C7kTdPBLi41zwOZl00WS8b5eiaebNpY00HKbztwBq+e3vyqWNwWF3mP9YLUeqIrF+Q==
  dependencies:
    dom-serializer "^2.0.0"
    domelementtype "^2.3.0"
    domhandler "^5.0.1"

entities@^4.2.0, entities@^4.3.0:
  version "4.3.1"
  resolved "https://registry.npmjs.org/entities/-/entities-4.3.1.tgz"
  integrity sha512-o4q/dYJlmyjP2zfnaWDUC6A3BQFmVTX+tZPezK7k0GLSU9QYCauscf5Y+qcEPzKL+EixVouYDgLQK5H9GrLpkg==

esbuild-android-64@0.14.54:
  version "0.14.54"
  resolved "https://registry.yarnpkg.com/esbuild-android-64/-/esbuild-android-64-0.14.54.tgz#505f41832884313bbaffb27704b8bcaa2d8616be"
  integrity sha512-Tz2++Aqqz0rJ7kYBfz+iqyE3QMycD4vk7LBRyWaAVFgFtQ/O8EJOnVmTOiDWYZ/uYzB4kvP+bqejYdVKzE5lAQ==

esbuild-android-arm64@0.14.54:
  version "0.14.54"
  resolved "https://registry.yarnpkg.com/esbuild-android-arm64/-/esbuild-android-arm64-0.14.54.tgz#8ce69d7caba49646e009968fe5754a21a9871771"
  integrity sha512-F9E+/QDi9sSkLaClO8SOV6etqPd+5DgJje1F9lOWoNncDdOBL2YF59IhsWATSt0TLZbYCf3pNlTHvVV5VfHdvg==

esbuild-darwin-64@0.14.54:
  version "0.14.54"
  resolved "https://registry.yarnpkg.com/esbuild-darwin-64/-/esbuild-darwin-64-0.14.54.tgz#24ba67b9a8cb890a3c08d9018f887cc221cdda25"
  integrity sha512-jtdKWV3nBviOd5v4hOpkVmpxsBy90CGzebpbO9beiqUYVMBtSc0AL9zGftFuBon7PNDcdvNCEuQqw2x0wP9yug==

esbuild-darwin-arm64@0.14.54:
  version "0.14.54"
  resolved "https://registry.yarnpkg.com/esbuild-darwin-arm64/-/esbuild-darwin-arm64-0.14.54.tgz#3f7cdb78888ee05e488d250a2bdaab1fa671bf73"
  integrity sha512-OPafJHD2oUPyvJMrsCvDGkRrVCar5aVyHfWGQzY1dWnzErjrDuSETxwA2HSsyg2jORLY8yBfzc1MIpUkXlctmw==

esbuild-freebsd-64@0.14.54:
  version "0.14.54"
  resolved "https://registry.yarnpkg.com/esbuild-freebsd-64/-/esbuild-freebsd-64-0.14.54.tgz#09250f997a56ed4650f3e1979c905ffc40bbe94d"
  integrity sha512-OKwd4gmwHqOTp4mOGZKe/XUlbDJ4Q9TjX0hMPIDBUWWu/kwhBAudJdBoxnjNf9ocIB6GN6CPowYpR/hRCbSYAg==

esbuild-freebsd-arm64@0.14.54:
  version "0.14.54"
  resolved "https://registry.yarnpkg.com/esbuild-freebsd-arm64/-/esbuild-freebsd-arm64-0.14.54.tgz#bafb46ed04fc5f97cbdb016d86947a79579f8e48"
  integrity sha512-sFwueGr7OvIFiQT6WeG0jRLjkjdqWWSrfbVwZp8iMP+8UHEHRBvlaxL6IuKNDwAozNUmbb8nIMXa7oAOARGs1Q==

esbuild-linux-32@0.14.54:
  version "0.14.54"
  resolved "https://registry.yarnpkg.com/esbuild-linux-32/-/esbuild-linux-32-0.14.54.tgz#e2a8c4a8efdc355405325033fcebeb941f781fe5"
  integrity sha512-1ZuY+JDI//WmklKlBgJnglpUL1owm2OX+8E1syCD6UAxcMM/XoWd76OHSjl/0MR0LisSAXDqgjT3uJqT67O3qw==

esbuild-linux-64@0.14.54:
  version "0.14.54"
  resolved "https://registry.yarnpkg.com/esbuild-linux-64/-/esbuild-linux-64-0.14.54.tgz#de5fdba1c95666cf72369f52b40b03be71226652"
  integrity sha512-EgjAgH5HwTbtNsTqQOXWApBaPVdDn7XcK+/PtJwZLT1UmpLoznPd8c5CxqsH2dQK3j05YsB3L17T8vE7cp4cCg==

esbuild-linux-arm64@0.14.54:
  version "0.14.54"
  resolved "https://registry.yarnpkg.com/esbuild-linux-arm64/-/esbuild-linux-arm64-0.14.54.tgz#dae4cd42ae9787468b6a5c158da4c84e83b0ce8b"
  integrity sha512-WL71L+0Rwv+Gv/HTmxTEmpv0UgmxYa5ftZILVi2QmZBgX3q7+tDeOQNqGtdXSdsL8TQi1vIaVFHUPDe0O0kdig==

esbuild-linux-arm@0.14.54:
  version "0.14.54"
  resolved "https://registry.yarnpkg.com/esbuild-linux-arm/-/esbuild-linux-arm-0.14.54.tgz#a2c1dff6d0f21dbe8fc6998a122675533ddfcd59"
  integrity sha512-qqz/SjemQhVMTnvcLGoLOdFpCYbz4v4fUo+TfsWG+1aOu70/80RV6bgNpR2JCrppV2moUQkww+6bWxXRL9YMGw==

esbuild-linux-mips64le@0.14.54:
  version "0.14.54"
  resolved "https://registry.yarnpkg.com/esbuild-linux-mips64le/-/esbuild-linux-mips64le-0.14.54.tgz#d9918e9e4cb972f8d6dae8e8655bf9ee131eda34"
  integrity sha512-qTHGQB8D1etd0u1+sB6p0ikLKRVuCWhYQhAHRPkO+OF3I/iSlTKNNS0Lh2Oc0g0UFGguaFZZiPJdJey3AGpAlw==

esbuild-linux-ppc64le@0.14.54:
  version "0.14.54"
  resolved "https://registry.yarnpkg.com/esbuild-linux-ppc64le/-/esbuild-linux-ppc64le-0.14.54.tgz#3f9a0f6d41073fb1a640680845c7de52995f137e"
  integrity sha512-j3OMlzHiqwZBDPRCDFKcx595XVfOfOnv68Ax3U4UKZ3MTYQB5Yz3X1mn5GnodEVYzhtZgxEBidLWeIs8FDSfrQ==

esbuild-linux-riscv64@0.14.54:
  version "0.14.54"
  resolved "https://registry.yarnpkg.com/esbuild-linux-riscv64/-/esbuild-linux-riscv64-0.14.54.tgz#618853c028178a61837bc799d2013d4695e451c8"
  integrity sha512-y7Vt7Wl9dkOGZjxQZnDAqqn+XOqFD7IMWiewY5SPlNlzMX39ocPQlOaoxvT4FllA5viyV26/QzHtvTjVNOxHZg==

esbuild-linux-s390x@0.14.54:
  version "0.14.54"
  resolved "https://registry.yarnpkg.com/esbuild-linux-s390x/-/esbuild-linux-s390x-0.14.54.tgz#d1885c4c5a76bbb5a0fe182e2c8c60eb9e29f2a6"
  integrity sha512-zaHpW9dziAsi7lRcyV4r8dhfG1qBidQWUXweUjnw+lliChJqQr+6XD71K41oEIC3Mx1KStovEmlzm+MkGZHnHA==

esbuild-netbsd-64@0.14.54:
  version "0.14.54"
  resolved "https://registry.yarnpkg.com/esbuild-netbsd-64/-/esbuild-netbsd-64-0.14.54.tgz#69ae917a2ff241b7df1dbf22baf04bd330349e81"
  integrity sha512-PR01lmIMnfJTgeU9VJTDY9ZerDWVFIUzAtJuDHwwceppW7cQWjBBqP48NdeRtoP04/AtO9a7w3viI+PIDr6d+w==

esbuild-openbsd-64@0.14.54:
  version "0.14.54"
  resolved "https://registry.yarnpkg.com/esbuild-openbsd-64/-/esbuild-openbsd-64-0.14.54.tgz#db4c8495287a350a6790de22edea247a57c5d47b"
  integrity sha512-Qyk7ikT2o7Wu76UsvvDS5q0amJvmRzDyVlL0qf5VLsLchjCa1+IAvd8kTBgUxD7VBUUVgItLkk609ZHUc1oCaw==

esbuild-sunos-64@0.14.54:
  version "0.14.54"
  resolved "https://registry.yarnpkg.com/esbuild-sunos-64/-/esbuild-sunos-64-0.14.54.tgz#54287ee3da73d3844b721c21bc80c1dc7e1bf7da"
  integrity sha512-28GZ24KmMSeKi5ueWzMcco6EBHStL3B6ubM7M51RmPwXQGLe0teBGJocmWhgwccA1GeFXqxzILIxXpHbl9Q/Kw==

esbuild-windows-32@0.14.54:
  version "0.14.54"
  resolved "https://registry.yarnpkg.com/esbuild-windows-32/-/esbuild-windows-32-0.14.54.tgz#f8aaf9a5667630b40f0fb3aa37bf01bbd340ce31"
  integrity sha512-T+rdZW19ql9MjS7pixmZYVObd9G7kcaZo+sETqNH4RCkuuYSuv9AGHUVnPoP9hhuE1WM1ZimHz1CIBHBboLU7w==

esbuild-windows-64@0.14.54:
  version "0.14.54"
  resolved "https://registry.yarnpkg.com/esbuild-windows-64/-/esbuild-windows-64-0.14.54.tgz#bf54b51bd3e9b0f1886ffdb224a4176031ea0af4"
  integrity sha512-AoHTRBUuYwXtZhjXZbA1pGfTo8cJo3vZIcWGLiUcTNgHpJJMC1rVA44ZereBHMJtotyN71S8Qw0npiCIkW96cQ==

esbuild-windows-arm64@0.14.54:
  version "0.14.54"
  resolved "https://registry.yarnpkg.com/esbuild-windows-arm64/-/esbuild-windows-arm64-0.14.54.tgz#937d15675a15e4b0e4fafdbaa3a01a776a2be982"
  integrity sha512-M0kuUvXhot1zOISQGXwWn6YtS+Y/1RT9WrVIOywZnJHo3jCDyewAc79aKNQWFCQm+xNHVTq9h8dZKvygoXQQRg==

esbuild@^0.14.47:
  version "0.14.54"
  resolved "https://registry.yarnpkg.com/esbuild/-/esbuild-0.14.54.tgz#8b44dcf2b0f1a66fc22459943dccf477535e9aa2"
  integrity sha512-Cy9llcy8DvET5uznocPyqL3BFRrFXSVqbgpMJ9Wz8oVjZlh/zUSNbPRbov0VX7VxN2JH1Oa0uNxZ7eLRb62pJA==
  optionalDependencies:
    "@esbuild/linux-loong64" "0.14.54"
    esbuild-android-64 "0.14.54"
    esbuild-android-arm64 "0.14.54"
    esbuild-darwin-64 "0.14.54"
    esbuild-darwin-arm64 "0.14.54"
    esbuild-freebsd-64 "0.14.54"
    esbuild-freebsd-arm64 "0.14.54"
    esbuild-linux-32 "0.14.54"
    esbuild-linux-64 "0.14.54"
    esbuild-linux-arm "0.14.54"
    esbuild-linux-arm64 "0.14.54"
    esbuild-linux-mips64le "0.14.54"
    esbuild-linux-ppc64le "0.14.54"
    esbuild-linux-riscv64 "0.14.54"
    esbuild-linux-s390x "0.14.54"
    esbuild-netbsd-64 "0.14.54"
    esbuild-openbsd-64 "0.14.54"
    esbuild-sunos-64 "0.14.54"
    esbuild-windows-32 "0.14.54"
    esbuild-windows-64 "0.14.54"
    esbuild-windows-arm64 "0.14.54"

estree-walker@^2.0.2:
  version "2.0.2"
  resolved "https://registry.npmjs.org/estree-walker/-/estree-walker-2.0.2.tgz"
  integrity sha512-Rfkk/Mp/DL7JVje3u18FxFujQlTNR2q6QfMSMB7AvCBx91NGj/ba3kCfza0f6dVDbw7YlRf/nDrn7pQrCCyQ/w==

fill-range@^7.0.1:
  version "7.0.1"
  resolved "https://registry.npmjs.org/fill-range/-/fill-range-7.0.1.tgz"
  integrity sha512-qOo9F+dMUmC2Lcb4BbVvnKJxTPjCm+RRpe4gDuGrzkL7mEVl/djYSu2OdQ2Pa302N4oqkSg9ir6jaLWJ2USVpQ==
  dependencies:
    to-regex-range "^5.0.1"

fsevents@~2.3.2:
  version "2.3.2"
  resolved "https://registry.npmjs.org/fsevents/-/fsevents-2.3.2.tgz"
  integrity sha512-xiqMQR4xAeHTuB9uWm+fFRcIOgKBMiOBP+eXiyT7jsgVCq1bkVygt00oASowB7EdtpOHaaPgKt812P9ab+DDKA==

function-bind@^1.1.1:
  version "1.1.1"
  resolved "https://registry.npmjs.org/function-bind/-/function-bind-1.1.1.tgz"
  integrity sha512-yIovAzMX49sF8Yl58fSCWJ5svSLuaibPxXQJFLmBObTuCr0Mf1KiPopGM9NiFjiYBCbfaa2Fh6breQ6ANVTI0A==

glob-parent@~5.1.2:
  version "5.1.2"
  resolved "https://registry.npmjs.org/glob-parent/-/glob-parent-5.1.2.tgz"
  integrity sha512-AOIgSQCepiJYwP3ARnGx+5VnTu2HBYdzbGP45eLw1vr3zB3vZLeyed1sC9hnbcOc9/SrMyM5RPQrkGz4aS9Zow==
  dependencies:
    is-glob "^4.0.1"

has@^1.0.3:
  version "1.0.3"
  resolved "https://registry.npmjs.org/has/-/has-1.0.3.tgz"
  integrity sha512-f2dvO0VU6Oej7RkWJGrehjbzMAjFp5/VKPp5tTpWIV4JHHZK1/BxbFRtf/siA2SWTe09caDmVtYYzWEIbBS4zw==
  dependencies:
    function-bind "^1.1.1"

htmlparser2@^8.0.1:
  version "8.0.1"
  resolved "https://registry.npmjs.org/htmlparser2/-/htmlparser2-8.0.1.tgz"
  integrity sha512-4lVbmc1diZC7GUJQtRQ5yBAeUCL1exyMwmForWkRLnwyzWBFxN633SALPMGYaWZvKe9j1pRZJpauvmxENSp/EA==
  dependencies:
    domelementtype "^2.3.0"
    domhandler "^5.0.2"
    domutils "^3.0.1"
    entities "^4.3.0"

immutable@^4.0.0:
  version "4.1.0"
  resolved "https://registry.npmjs.org/immutable/-/immutable-4.1.0.tgz"
  integrity sha512-oNkuqVTA8jqG1Q6c+UglTOD1xhC1BtjKI7XkCXRkZHrN5m18/XsnUp8Q89GkQO/z+0WjonSvl0FLhDYftp46nQ==

is-binary-path@~2.1.0:
  version "2.1.0"
  resolved "https://registry.npmjs.org/is-binary-path/-/is-binary-path-2.1.0.tgz"
  integrity sha512-ZMERYes6pDydyuGidse7OsHxtbI7WVeUEozgR/g7rd0xUimYNlvZRE/K2MgZTjWy725IfelLeVcEM97mmtRGXw==
  dependencies:
    binary-extensions "^2.0.0"

is-core-module@^2.9.0:
  version "2.9.0"
  resolved "https://registry.npmjs.org/is-core-module/-/is-core-module-2.9.0.tgz"
  integrity sha512-+5FPy5PnwmO3lvfMb0AsoPaBG+5KHUI0wYFXOtYPnVVVspTFUuMZNfNaNVRt3FZadstu2c8x23vykRW/NBoU6A==
  dependencies:
    has "^1.0.3"

is-extglob@^2.1.1:
  version "2.1.1"
  resolved "https://registry.npmjs.org/is-extglob/-/is-extglob-2.1.1.tgz"
  integrity sha512-SbKbANkN603Vi4jEZv49LeVJMn4yGwsbzZworEoyEiutsN3nJYdbO36zfhGJ6QEDpOZIFkDtnq5JRxmvl3jsoQ==

is-glob@^4.0.1, is-glob@~4.0.1:
  version "4.0.3"
  resolved "https://registry.npmjs.org/is-glob/-/is-glob-4.0.3.tgz"
  integrity sha512-xelSayHH36ZgE7ZWhli7pW34hNbNl8Ojv5KVmkJD4hBdD3th8Tfk9vYasLM+mXWOZhFkgZfxhLSnrwRr4elSSg==
  dependencies:
    is-extglob "^2.1.1"

is-number@^7.0.0:
  version "7.0.0"
  resolved "https://registry.npmjs.org/is-number/-/is-number-7.0.0.tgz"
  integrity sha512-41Cifkg6e8TylSpdtTpeLVMqvSBEVzTttHvERD741+pnZ8ANv0004MRL43QKPDlK9cGvNp6NZWZUBlbGXYxxng==

jsonc-parser@^3.0.0:
  version "3.1.0"
  resolved "https://registry.npmjs.org/jsonc-parser/-/jsonc-parser-3.1.0.tgz"
  integrity sha512-DRf0QjnNeCUds3xTjKlQQ3DpJD51GvDjJfnxUVWg6PZTo2otSm+slzNAxU/35hF8/oJIKoG9slq30JYOsF2azg==

magic-string@^0.25.7:
  version "0.25.9"
  resolved "https://registry.npmjs.org/magic-string/-/magic-string-0.25.9.tgz"
  integrity sha512-RmF0AsMzgt25qzqqLc1+MbHmhdx0ojF2Fvs4XnOqz2ZOBXzzkEwc/dJQZCYHAn7v1jbVOjAZfK8msRn4BxO4VQ==
  dependencies:
    sourcemap-codec "^1.4.8"

nanoid@^3.3.4:
  version "3.3.4"
  resolved "https://registry.npmjs.org/nanoid/-/nanoid-3.3.4.tgz"
  integrity sha512-MqBkQh/OHTS2egovRtLk45wEyNXwF+cokD+1YPf9u5VfJiRdAiRwB2froX5Co9Rh20xs4siNPm8naNotSD6RBw==

normalize-path@^3.0.0, normalize-path@~3.0.0:
  version "3.0.0"
  resolved "https://registry.npmjs.org/normalize-path/-/normalize-path-3.0.0.tgz"
  integrity sha512-6eZs5Ls3WtCisHWp9S2GUy8dqkpGi4BVSz3GaqiE6ezub0512ESztXUwUB6C6IKbQkY2Pnb/mD4WYojCRwcwLA==

nth-check@^2.0.1:
  version "2.1.1"
  resolved "https://registry.npmjs.org/nth-check/-/nth-check-2.1.1.tgz"
  integrity sha512-lqjrjmaOoAnWfMmBPL+XNnynZh2+swxiX3WUE0s4yEHI6m+AwrK2UZOimIRl3X/4QctVqS8AiZjFqyOGrMXb/w==
  dependencies:
    boolbase "^1.0.0"

parse5-htmlparser2-tree-adapter@^7.0.0:
  version "7.0.0"
  resolved "https://registry.npmjs.org/parse5-htmlparser2-tree-adapter/-/parse5-htmlparser2-tree-adapter-7.0.0.tgz"
  integrity sha512-B77tOZrqqfUfnVcOrUvfdLbz4pu4RopLD/4vmu3HUPswwTA8OH0EMW9BlWR2B0RCoiZRAHEUu7IxeP1Pd1UU+g==
  dependencies:
    domhandler "^5.0.2"
    parse5 "^7.0.0"

parse5@^7.0.0:
  version "7.0.0"
  resolved "https://registry.npmjs.org/parse5/-/parse5-7.0.0.tgz"
  integrity sha512-y/t8IXSPWTuRZqXc0ajH/UwDj4mnqLEbSttNbThcFhGrZuOyoyvNBO85PBp2jQa55wY9d07PBNjsK8ZP3K5U6g==
  dependencies:
    entities "^4.3.0"

path-parse@^1.0.7:
  version "1.0.7"
  resolved "https://registry.npmjs.org/path-parse/-/path-parse-1.0.7.tgz"
  integrity sha512-LDJzPVEEEPR+y48z93A0Ed0yXb8pAByGWo/k5YYdYgpY2/2EsOsksJrq7lOHxryrVOn1ejG6oAp8ahvOIQD8sw==

picocolors@^1.0.0:
  version "1.0.0"
  resolved "https://registry.npmjs.org/picocolors/-/picocolors-1.0.0.tgz"
  integrity sha512-1fygroTLlHu66zi26VoTDv8yRgm0Fccecssto+MhsZ0D/DGW2sm8E8AjW7NU5VVTRt5GxbeZ5qBuJr+HyLYkjQ==

picomatch@^2.0.4, picomatch@^2.2.1:
  version "2.3.1"
  resolved "https://registry.npmjs.org/picomatch/-/picomatch-2.3.1.tgz"
  integrity sha512-JU3teHTNjmE2VCGFzuY8EXzCDVwEqB2a8fsIvwaStHhAWJEeVd1o1QD80CU6+ZdEXXSLbSsuLwJjkCBWqRQUVA==

postcss@^8.1.10:
  version "8.4.14"
  resolved "https://registry.npmjs.org/postcss/-/postcss-8.4.14.tgz"
  integrity sha512-E398TUmfAYFPBSdzgeieK2Y1+1cpdxJx8yXbK/m57nRhKSmk1GB2tO4lbLBtlkfPQTDKfe4Xqv1ASWPpayPEig==
  dependencies:
    nanoid "^3.3.4"
    picocolors "^1.0.0"
    source-map-js "^1.0.2"

postcss@^8.4.16:
  version "8.4.16"
  resolved "https://registry.yarnpkg.com/postcss/-/postcss-8.4.16.tgz#33a1d675fac39941f5f445db0de4db2b6e01d43c"
  integrity sha512-ipHE1XBvKzm5xI7hiHCZJCSugxvsdq2mPnsq5+UF+VHCjiBvtDrlxJfMBToWaP9D5XlgNmcFGqoHmUn0EYEaRQ==
  dependencies:
    nanoid "^3.3.4"
    picocolors "^1.0.0"
    source-map-js "^1.0.2"

preact@^10.0.0:
  version "10.10.0"
  resolved "https://registry.npmjs.org/preact/-/preact-10.10.0.tgz"
  integrity sha512-fszkg1iJJjq68I4lI8ZsmBiaoQiQHbxf1lNq+72EmC/mZOsFF5zn3k1yv9QGoFgIXzgsdSKtYymLJsrJPoamjQ==

readdirp@~3.6.0:
  version "3.6.0"
  resolved "https://registry.npmjs.org/readdirp/-/readdirp-3.6.0.tgz"
  integrity sha512-hOS089on8RduqdbhvQ5Z37A0ESjsqz6qnRcffsMU3495FuTdqSm+7bhJ29JvIOsBDEEnan5DPu9t3To9VRlMzA==
  dependencies:
    picomatch "^2.2.1"

resolve@^1.22.1:
  version "1.22.1"
  resolved "https://registry.yarnpkg.com/resolve/-/resolve-1.22.1.tgz#27cb2ebb53f91abb49470a928bba7558066ac177"
  integrity sha512-nBpuuYuY5jFsli/JIs1oldw6fOQCBioohqWZg/2hiaOybXOft4lonv85uDOKXdf8rhyK159cxU5cDcK/NKk8zw==
  dependencies:
    is-core-module "^2.9.0"
    path-parse "^1.0.7"
    supports-preserve-symlinks-flag "^1.0.0"

"rollup@>=2.75.6 <2.77.0 || ~2.77.0":
  version "2.77.3"
  resolved "https://registry.yarnpkg.com/rollup/-/rollup-2.77.3.tgz#8f00418d3a2740036e15deb653bed1a90ee0cc12"
  integrity sha512-/qxNTG7FbmefJWoeeYJFbHehJ2HNWnjkAFRKzWN/45eNBBF/r8lo992CwcJXEzyVxs5FmfId+vTSTQDb+bxA+g==
  optionalDependencies:
    fsevents "~2.3.2"

sass@^1.54.5:
  version "1.54.5"
  resolved "https://registry.npmjs.org/sass/-/sass-1.54.5.tgz"
  integrity sha512-p7DTOzxkUPa/63FU0R3KApkRHwcVZYC0PLnLm5iyZACyp15qSi32x7zVUhRdABAATmkALqgGrjCJAcWvobmhHw==
  dependencies:
    chokidar ">=3.0.0 <4.0.0"
    immutable "^4.0.0"
    source-map-js ">=0.6.2 <2.0.0"

shiki@^0.11.1:
  version "0.11.1"
  resolved "https://registry.yarnpkg.com/shiki/-/shiki-0.11.1.tgz#df0f719e7ab592c484d8b73ec10e215a503ab8cc"
  integrity sha512-EugY9VASFuDqOexOgXR18ZV+TbFrQHeCpEYaXamO+SZlsnT/2LxuLBX25GGtIrwaEVFXUAbUQ601SWE2rMwWHA==
  dependencies:
    jsonc-parser "^3.0.0"
    vscode-oniguruma "^1.6.1"
    vscode-textmate "^6.0.0"

"source-map-js@>=0.6.2 <2.0.0", source-map-js@^1.0.2:
  version "1.0.2"
  resolved "https://registry.npmjs.org/source-map-js/-/source-map-js-1.0.2.tgz"
  integrity sha512-R0XvVJ9WusLiqTCEiGCmICCMplcCkIwwR11mOSD9CR5u+IXYdiseeEuXCVAjS54zqwkLcPNnmU4OeJ6tUrWhDw==

source-map@^0.6.1:
  version "0.6.1"
  resolved "https://registry.npmjs.org/source-map/-/source-map-0.6.1.tgz"
  integrity sha512-UjgapumWlbMhkBgzT7Ykc5YXUT46F0iKu8SGXq0bcwP5dz/h0Plj6enJqjz1Zbq2l5WaqYnrVbwWOWMyF3F47g==

sourcemap-codec@^1.4.8:
  version "1.4.8"
  resolved "https://registry.npmjs.org/sourcemap-codec/-/sourcemap-codec-1.4.8.tgz"
  integrity sha512-9NykojV5Uih4lgo5So5dtw+f0JgJX30KCNI8gwhz2J9A15wD0Ml6tjHKwf6fTSa6fAdVBdZeNOs9eJ71qCk8vA==

supports-preserve-symlinks-flag@^1.0.0:
  version "1.0.0"
  resolved "https://registry.npmjs.org/supports-preserve-symlinks-flag/-/supports-preserve-symlinks-flag-1.0.0.tgz"
  integrity sha512-ot0WnXS9fgdkgIcePe6RHNk1WA8+muPa6cSjeR3V8K27q9BB1rTE3R1p7Hv0z1ZyAc8s6Vvv8DIyWf681MAt0w==

to-regex-range@^5.0.1:
  version "5.0.1"
  resolved "https://registry.npmjs.org/to-regex-range/-/to-regex-range-5.0.1.tgz"
  integrity sha512-65P7iz6X5yEr1cwcgvQxbbIw7Uk3gOy5dIdtZ4rDveLqhrdJP+Li/Hx6tyK0NEb+2GCyneCMJiGqrADCSNk8sQ==
  dependencies:
    is-number "^7.0.0"

vite@^3.0.8:
  version "3.0.9"
  resolved "https://registry.yarnpkg.com/vite/-/vite-3.0.9.tgz#45fac22c2a5290a970f23d66c1aef56a04be8a30"
  integrity sha512-waYABTM+G6DBTCpYAxvevpG50UOlZuynR0ckTK5PawNVt7ebX6X7wNXHaGIO6wYYFXSM7/WcuFuO2QzhBB6aMw==
  dependencies:
    esbuild "^0.14.47"
    postcss "^8.4.16"
    resolve "^1.22.1"
    rollup ">=2.75.6 <2.77.0 || ~2.77.0"
  optionalDependencies:
    fsevents "~2.3.2"

vitepress@^1.0.0-alpha.5:
  version "1.0.0-alpha.9"
  resolved "https://registry.yarnpkg.com/vitepress/-/vitepress-1.0.0-alpha.9.tgz#3426c8c6da2a63a811356f27e42fb9d521038aeb"
  integrity sha512-+VxgjflIcssbuyUBRYjZRpQ8w25v6XnIbXFmm9qwLVaqZdC0rN6qViEp7oRwA3HUlrGxj7GEzqQjW7xj4+E83w==
  dependencies:
    "@docsearch/css" "^3.2.1"
    "@docsearch/js" "^3.2.1"
    "@vitejs/plugin-vue" "^3.0.3"
    "@vue/devtools-api" "^6.2.1"
    "@vueuse/core" "^9.1.0"
    body-scroll-lock "^4.0.0-beta.0"
    shiki "^0.11.1"
    vite "^3.0.8"
    vue "^3.2.37"

vscode-oniguruma@^1.6.1:
  version "1.6.2"
  resolved "https://registry.npmjs.org/vscode-oniguruma/-/vscode-oniguruma-1.6.2.tgz"
  integrity sha512-KH8+KKov5eS/9WhofZR8M8dMHWN2gTxjMsG4jd04YhpbPR91fUj7rYQ2/XjeHCJWbg7X++ApRIU9NUwM2vTvLA==

vscode-textmate@^6.0.0:
  version "6.0.0"
  resolved "https://registry.yarnpkg.com/vscode-textmate/-/vscode-textmate-6.0.0.tgz#a3777197235036814ac9a92451492f2748589210"
  integrity sha512-gu73tuZfJgu+mvCSy4UZwd2JXykjK9zAZsfmDeut5dx/1a7FeTk0XwJsSuqQn+cuMCGVbIBfl+s53X4T19DnzQ==

vue-demi@*:
  version "0.13.5"
  resolved "https://registry.npmjs.org/vue-demi/-/vue-demi-0.13.5.tgz"
  integrity sha512-tO3K2bML3AwiHmVHeKCq6HLef2st4zBXIV5aEkoJl6HZ+gJWxWv2O8wLH8qrA3SX3lDoTDHNghLX1xZg83MXvw==

vue@^3.2.37:
  version "3.2.37"
  resolved "https://registry.yarnpkg.com/vue/-/vue-3.2.37.tgz#da220ccb618d78579d25b06c7c21498ca4e5452e"
  integrity sha512-bOKEZxrm8Eh+fveCqS1/NkG/n6aMidsI6hahas7pa0w/l7jkbssJVsRhVDs07IdDq7h9KHswZOgItnwJAgtVtQ==
  dependencies:
    "@vue/compiler-dom" "3.2.37"
    "@vue/compiler-sfc" "3.2.37"
    "@vue/runtime-dom" "3.2.37"
    "@vue/server-renderer" "3.2.37"
    "@vue/shared" "3.2.37"
